{
  "originHash" : "0cc9d3bf8794d3c99f133bd46ee6a6a2388a542741a89176fd6207b54931f20c",
  "pins" : [
    {
      "identity" : "pythonkit",
      "kind" : "remoteSourceControl",
      "location" : "https://github.com/pvieito/PythonKit",
      "state" : {
        "branch" : "master",
        "revision" : "43647b36cacb99558e57ef98e97ef598f91d1164"
      }
    }
  ],
  "version" : 3
}
